// !$*UTF8*$!
{
	archiveVersion = 1;
	classes = {
	};
	objectVersion = 46;
	objects = {

/* Begin PBXBuildFile section */
		4107B4771B121867005B0176 /* Alamofire.framework in Frameworks */ = {isa = PBXBuildFile; fileRef = 4107B4701B1217C1005B0176 /* Alamofire.framework */; };
		4107B4781B121867005B0176 /* Alamofire.framework in Embed Frameworks */ = {isa = PBXBuildFile; fileRef = 4107B4701B1217C1005B0176 /* Alamofire.framework */; settings = {ATTRIBUTES = (CodeSignOnCopy, RemoveHeadersOnCopy, ); }; };
		4107B4971B121B8A005B0176 /* HTMLReader.framework in Frameworks */ = {isa = PBXBuildFile; fileRef = 4107B4881B121B79005B0176 /* HTMLReader.framework */; };
		4107B4981B121B8A005B0176 /* HTMLReader.framework in Embed Frameworks */ = {isa = PBXBuildFile; fileRef = 4107B4881B121B79005B0176 /* HTMLReader.framework */; settings = {ATTRIBUTES = (CodeSignOnCopy, RemoveHeadersOnCopy, ); }; };
		411083E71BB6C144007494C7 /* Locksmith.framework in Frameworks */ = {isa = PBXBuildFile; fileRef = 411083DE1BB6C10F007494C7 /* Locksmith.framework */; };
		411083E81BB6C144007494C7 /* Locksmith.framework in Embed Frameworks */ = {isa = PBXBuildFile; fileRef = 411083DE1BB6C10F007494C7 /* Locksmith.framework */; settings = {ATTRIBUTES = (CodeSignOnCopy, RemoveHeadersOnCopy, ); }; };
		411083EF1BB6C1F8007494C7 /* KeychainWrapper.m in Sources */ = {isa = PBXBuildFile; fileRef = 411083EC1BB6C1F8007494C7 /* KeychainWrapper.m */; settings = {ASSET_TAGS = (); }; };
		411083F01BB6C1F8007494C7 /* KeychainWrapper.swift in Sources */ = {isa = PBXBuildFile; fileRef = 411083ED1BB6C1F8007494C7 /* KeychainWrapper.swift */; settings = {ASSET_TAGS = (); }; };
		412EE7CF1B0F9D5C00244486 /* SwiftyJSON.swift in Sources */ = {isa = PBXBuildFile; fileRef = 412EE7CE1B0F9D5C00244486 /* SwiftyJSON.swift */; };
		41D8CBDA1B0A8EC30040E5D1 /* Settings_Login_ViewController.swift in Sources */ = {isa = PBXBuildFile; fileRef = 41D8CBD91B0A8EC30040E5D1 /* Settings_Login_ViewController.swift */; };
		41D8CBDC1B0A950D0040E5D1 /* Navigation_Controller.swift in Sources */ = {isa = PBXBuildFile; fileRef = 41D8CBDB1B0A950D0040E5D1 /* Navigation_Controller.swift */; };
		41E33E821AF999CE00FF50BE /* Events_Activities_ViewController.swift in Sources */ = {isa = PBXBuildFile; fileRef = 41E33E791AF999CE00FF50BE /* Events_Activities_ViewController.swift */; };
		41E33E831AF999CE00FF50BE /* Food_Meals_ViewController.swift in Sources */ = {isa = PBXBuildFile; fileRef = 41E33E7C1AF999CE00FF50BE /* Food_Meals_ViewController.swift */; };
		41E33E841AF999CE00FF50BE /* Me_Mailbox_ViewController.swift in Sources */ = {isa = PBXBuildFile; fileRef = 41E33E7F1AF999CE00FF50BE /* Me_Mailbox_ViewController.swift */; };
		41E33E871AF99A3000FF50BE /* AppDelegate.swift in Sources */ = {isa = PBXBuildFile; fileRef = 41E33E861AF99A3000FF50BE /* AppDelegate.swift */; };
		41FB946E1AF7DB5600D2C1B5 /* Main.storyboard in Resources */ = {isa = PBXBuildFile; fileRef = 41FB946C1AF7DB5600D2C1B5 /* Main.storyboard */; };
		41FB94701AF7DB5600D2C1B5 /* Images.xcassets in Resources */ = {isa = PBXBuildFile; fileRef = 41FB946F1AF7DB5600D2C1B5 /* Images.xcassets */; };
		41FB94A11AF7DC7C00D2C1B5 /* vegetarian.png in Resources */ = {isa = PBXBuildFile; fileRef = 41FB949D1AF7DC7C00D2C1B5 /* vegetarian.png */; };
/* End PBXBuildFile section */

/* Begin PBXContainerItemProxy section */
		4107B46F1B1217C1005B0176 /* PBXContainerItemProxy */ = {
			isa = PBXContainerItemProxy;
			containerPortal = 4107B4681B1217C1005B0176 /* Alamofire.xcodeproj */;
			proxyType = 2;
			remoteGlobalIDString = F8111E3319A95C8B0040E7D1;
			remoteInfo = "Alamofire iOS";
		};
		4107B4711B1217C1005B0176 /* PBXContainerItemProxy */ = {
			isa = PBXContainerItemProxy;
			containerPortal = 4107B4681B1217C1005B0176 /* Alamofire.xcodeproj */;
			proxyType = 2;
			remoteGlobalIDString = 4DD67C0B1A5C55C900ED2280;
			remoteInfo = "Alamofire OSX";
		};
		4107B4731B1217C1005B0176 /* PBXContainerItemProxy */ = {
			isa = PBXContainerItemProxy;
			containerPortal = 4107B4681B1217C1005B0176 /* Alamofire.xcodeproj */;
			proxyType = 2;
			remoteGlobalIDString = F8111E3E19A95C8B0040E7D1;
			remoteInfo = "Alamofire iOS Tests";
		};
		4107B4751B1217C1005B0176 /* PBXContainerItemProxy */ = {
			isa = PBXContainerItemProxy;
			containerPortal = 4107B4681B1217C1005B0176 /* Alamofire.xcodeproj */;
			proxyType = 2;
			remoteGlobalIDString = F829C6B21A7A94F100A2CD59;
			remoteInfo = "Alamofire OSX Tests";
		};
		4107B4791B121867005B0176 /* PBXContainerItemProxy */ = {
			isa = PBXContainerItemProxy;
			containerPortal = 4107B4681B1217C1005B0176 /* Alamofire.xcodeproj */;
			proxyType = 1;
			remoteGlobalIDString = F8111E3219A95C8B0040E7D1;
			remoteInfo = "Alamofire iOS";
		};
		4107B4871B121B79005B0176 /* PBXContainerItemProxy */ = {
			isa = PBXContainerItemProxy;
			containerPortal = 4107B47C1B121B79005B0176 /* HTMLReader.xcodeproj */;
			proxyType = 2;
			remoteGlobalIDString = 1C6C1F4C1A179BF600236076;
			remoteInfo = "HTMLReader iOS";
		};
		4107B4891B121B79005B0176 /* PBXContainerItemProxy */ = {
			isa = PBXContainerItemProxy;
			containerPortal = 4107B47C1B121B79005B0176 /* HTMLReader.xcodeproj */;
			proxyType = 2;
			remoteGlobalIDString = 1C9C3ECA176BC53900E982C9;
			remoteInfo = "Tests on iOS";
		};
		4107B48B1B121B79005B0176 /* PBXContainerItemProxy */ = {
			isa = PBXContainerItemProxy;
			containerPortal = 4107B47C1B121B79005B0176 /* HTMLReader.xcodeproj */;
			proxyType = 2;
			remoteGlobalIDString = 1C88293B18369DD70051653C;
			remoteInfo = "HTMLReader OS X";
		};
		4107B48D1B121B79005B0176 /* PBXContainerItemProxy */ = {
			isa = PBXContainerItemProxy;
			containerPortal = 4107B47C1B121B79005B0176 /* HTMLReader.xcodeproj */;
			proxyType = 2;
			remoteGlobalIDString = 1C88295018369DD70051653C;
			remoteInfo = "Tests on OS X";
		};
		4107B48F1B121B79005B0176 /* PBXContainerItemProxy */ = {
			isa = PBXContainerItemProxy;
			containerPortal = 4107B47C1B121B79005B0176 /* HTMLReader.xcodeproj */;
			proxyType = 2;
			remoteGlobalIDString = 1CD5250918DC83E6003F46A3;
			remoteInfo = Benchmarker;
		};
		4107B4911B121B79005B0176 /* PBXContainerItemProxy */ = {
			isa = PBXContainerItemProxy;
			containerPortal = 4107B47C1B121B79005B0176 /* HTMLReader.xcodeproj */;
			proxyType = 2;
			remoteGlobalIDString = 1C9513C91A80971100BB2CC9;
			remoteInfo = "Encoding Labeler";
		};
		4107B4931B121B79005B0176 /* PBXContainerItemProxy */ = {
			isa = PBXContainerItemProxy;
			containerPortal = 4107B47C1B121B79005B0176 /* HTMLReader.xcodeproj */;
			proxyType = 2;
			remoteGlobalIDString = 1C9A2A071836FEAE0059FE17;
			remoteInfo = "Entity Fetcher";
		};
		4107B4951B121B79005B0176 /* PBXContainerItemProxy */ = {
			isa = PBXContainerItemProxy;
			containerPortal = 4107B47C1B121B79005B0176 /* HTMLReader.xcodeproj */;
			proxyType = 2;
			remoteGlobalIDString = 1C9C3EB9176BC53900E982C9;
			remoteInfo = "HTMLReader iOS Static Library";
		};
		4107B4991B121B8A005B0176 /* PBXContainerItemProxy */ = {
			isa = PBXContainerItemProxy;
			containerPortal = 4107B47C1B121B79005B0176 /* HTMLReader.xcodeproj */;
			proxyType = 1;
			remoteGlobalIDString = 1C6C1F4B1A179BF600236076;
			remoteInfo = "HTMLReader iOS";
		};
		411083DD1BB6C10F007494C7 /* PBXContainerItemProxy */ = {
			isa = PBXContainerItemProxy;
			containerPortal = 411083D51BB6C10F007494C7 /* Locksmith.xcodeproj */;
			proxyType = 2;
			remoteGlobalIDString = 0EC25C591BA385AA004191AF;
			remoteInfo = "Locksmith iOS";
		};
		411083DF1BB6C10F007494C7 /* PBXContainerItemProxy */ = {
			isa = PBXContainerItemProxy;
			containerPortal = 411083D51BB6C10F007494C7 /* Locksmith.xcodeproj */;
			proxyType = 2;
			remoteGlobalIDString = 0EC25C621BA385AB004191AF;
			remoteInfo = "Locksmith iOS Tests";
		};
		411083E11BB6C10F007494C7 /* PBXContainerItemProxy */ = {
			isa = PBXContainerItemProxy;
			containerPortal = 411083D51BB6C10F007494C7 /* Locksmith.xcodeproj */;
			proxyType = 2;
			remoteGlobalIDString = 0EC25C751BA385F6004191AF;
			remoteInfo = "Locksmith OS X";
		};
		411083E31BB6C10F007494C7 /* PBXContainerItemProxy */ = {
			isa = PBXContainerItemProxy;
			containerPortal = 411083D51BB6C10F007494C7 /* Locksmith.xcodeproj */;
			proxyType = 2;
			remoteGlobalIDString = 0EC25C7E1BA385F6004191AF;
			remoteInfo = "Locksmith OS X Tests";
		};
		411083E51BB6C10F007494C7 /* PBXContainerItemProxy */ = {
			isa = PBXContainerItemProxy;
			containerPortal = 411083D51BB6C10F007494C7 /* Locksmith.xcodeproj */;
			proxyType = 2;
			remoteGlobalIDString = 0EC25CA71BA39C9F004191AF;
			remoteInfo = "Locksmith watchOS";
		};
		411083E91BB6C144007494C7 /* PBXContainerItemProxy */ = {
			isa = PBXContainerItemProxy;
			containerPortal = 411083D51BB6C10F007494C7 /* Locksmith.xcodeproj */;
			proxyType = 1;
			remoteGlobalIDString = 0EC25C581BA385AA004191AF;
			remoteInfo = "Locksmith iOS";
		};
		41D34C651BB09861000AD540 /* PBXContainerItemProxy */ = {
			isa = PBXContainerItemProxy;
			containerPortal = 4107B4681B1217C1005B0176 /* Alamofire.xcodeproj */;
			proxyType = 2;
			remoteGlobalIDString = E4202FE01B667AA100C997FB;
			remoteInfo = "Alamofire watchOS";
		};
/* End PBXContainerItemProxy section */

/* Begin PBXCopyFilesBuildPhase section */
		4107B47B1B121867005B0176 /* Embed Frameworks */ = {
			isa = PBXCopyFilesBuildPhase;
			buildActionMask = 2147483647;
			dstPath = "";
			dstSubfolderSpec = 10;
			files = (
				411083E81BB6C144007494C7 /* Locksmith.framework in Embed Frameworks */,
				4107B4981B121B8A005B0176 /* HTMLReader.framework in Embed Frameworks */,
				4107B4781B121867005B0176 /* Alamofire.framework in Embed Frameworks */,
			);
			name = "Embed Frameworks";
			runOnlyForDeploymentPostprocessing = 0;
		};
/* End PBXCopyFilesBuildPhase section */

/* Begin PBXFileReference section */
		4107B4681B1217C1005B0176 /* Alamofire.xcodeproj */ = {isa = PBXFileReference; lastKnownFileType = "wrapper.pb-project"; name = Alamofire.xcodeproj; path = Alamofire/Alamofire.xcodeproj; sourceTree = "<group>"; };
		4107B47C1B121B79005B0176 /* HTMLReader.xcodeproj */ = {isa = PBXFileReference; lastKnownFileType = "wrapper.pb-project"; name = HTMLReader.xcodeproj; path = HTMLReader/HTMLReader.xcodeproj; sourceTree = "<group>"; };
		411083D51BB6C10F007494C7 /* Locksmith.xcodeproj */ = {isa = PBXFileReference; lastKnownFileType = "wrapper.pb-project"; name = Locksmith.xcodeproj; path = Locksmith/Locksmith.xcodeproj; sourceTree = "<group>"; };
		411083EB1BB6C1F8007494C7 /* KeychainWrapper.h */ = {isa = PBXFileReference; fileEncoding = 4; lastKnownFileType = sourcecode.c.h; path = KeychainWrapper.h; sourceTree = "<group>"; };
		411083EC1BB6C1F8007494C7 /* KeychainWrapper.m */ = {isa = PBXFileReference; fileEncoding = 4; lastKnownFileType = sourcecode.c.objc; path = KeychainWrapper.m; sourceTree = "<group>"; };
		411083ED1BB6C1F8007494C7 /* KeychainWrapper.swift */ = {isa = PBXFileReference; fileEncoding = 4; lastKnownFileType = sourcecode.swift; path = KeychainWrapper.swift; sourceTree = "<group>"; };
		411083EE1BB6C1F8007494C7 /* miltonmobileios-Bridging-Header.h */ = {isa = PBXFileReference; fileEncoding = 4; lastKnownFileType = sourcecode.c.h; path = "miltonmobileios-Bridging-Header.h"; sourceTree = "<group>"; };
		412EE7CE1B0F9D5C00244486 /* SwiftyJSON.swift */ = {isa = PBXFileReference; fileEncoding = 4; lastKnownFileType = sourcecode.swift; name = SwiftyJSON.swift; path = ../SwiftyJSON.swift; sourceTree = "<group>"; };
		41D8CBD91B0A8EC30040E5D1 /* Settings_Login_ViewController.swift */ = {isa = PBXFileReference; fileEncoding = 4; lastKnownFileType = sourcecode.swift; path = Settings_Login_ViewController.swift; sourceTree = "<group>"; };
		41D8CBDB1B0A950D0040E5D1 /* Navigation_Controller.swift */ = {isa = PBXFileReference; fileEncoding = 4; lastKnownFileType = sourcecode.swift; path = Navigation_Controller.swift; sourceTree = "<group>"; };
		41E33E791AF999CE00FF50BE /* Events_Activities_ViewController.swift */ = {isa = PBXFileReference; fileEncoding = 4; lastKnownFileType = sourcecode.swift; path = Events_Activities_ViewController.swift; sourceTree = "<group>"; };
		41E33E7C1AF999CE00FF50BE /* Food_Meals_ViewController.swift */ = {isa = PBXFileReference; fileEncoding = 4; lastKnownFileType = sourcecode.swift; path = Food_Meals_ViewController.swift; sourceTree = "<group>"; };
		41E33E7F1AF999CE00FF50BE /* Me_Mailbox_ViewController.swift */ = {isa = PBXFileReference; fileEncoding = 4; lastKnownFileType = sourcecode.swift; path = Me_Mailbox_ViewController.swift; sourceTree = "<group>"; };
		41E33E861AF99A3000FF50BE /* AppDelegate.swift */ = {isa = PBXFileReference; fileEncoding = 4; lastKnownFileType = sourcecode.swift; path = AppDelegate.swift; sourceTree = "<group>"; };
		41EEB50F1AF7DDC1002435F7 /* .gitignore */ = {isa = PBXFileReference; lastKnownFileType = text; path = .gitignore; sourceTree = "<group>"; };
		41FB94631AF7DB5600D2C1B5 /* miltonmobileios.app */ = {isa = PBXFileReference; explicitFileType = wrapper.application; includeInIndex = 0; path = miltonmobileios.app; sourceTree = BUILT_PRODUCTS_DIR; };
		41FB94671AF7DB5600D2C1B5 /* Info.plist */ = {isa = PBXFileReference; lastKnownFileType = text.plist.xml; path = Info.plist; sourceTree = "<group>"; };
		41FB946D1AF7DB5600D2C1B5 /* Base */ = {isa = PBXFileReference; lastKnownFileType = file.storyboard; name = Base; path = Base.lproj/Main.storyboard; sourceTree = "<group>"; };
		41FB946F1AF7DB5600D2C1B5 /* Images.xcassets */ = {isa = PBXFileReference; lastKnownFileType = folder.assetcatalog; path = Images.xcassets; sourceTree = "<group>"; };
		41FB949D1AF7DC7C00D2C1B5 /* vegetarian.png */ = {isa = PBXFileReference; lastKnownFileType = image.png; path = vegetarian.png; sourceTree = "<group>"; };
/* End PBXFileReference section */

/* Begin PBXFrameworksBuildPhase section */
		41FB94601AF7DB5600D2C1B5 /* Frameworks */ = {
			isa = PBXFrameworksBuildPhase;
			buildActionMask = 2147483647;
			files = (
				411083E71BB6C144007494C7 /* Locksmith.framework in Frameworks */,
				4107B4971B121B8A005B0176 /* HTMLReader.framework in Frameworks */,
				4107B4771B121867005B0176 /* Alamofire.framework in Frameworks */,
			);
			runOnlyForDeploymentPostprocessing = 0;
		};
/* End PBXFrameworksBuildPhase section */

/* Begin PBXGroup section */
		4107B4631B121497005B0176 /* Util */ = {
			isa = PBXGroup;
			children = (
				411083EB1BB6C1F8007494C7 /* KeychainWrapper.h */,
				411083EC1BB6C1F8007494C7 /* KeychainWrapper.m */,
				411083ED1BB6C1F8007494C7 /* KeychainWrapper.swift */,
				411083EE1BB6C1F8007494C7 /* miltonmobileios-Bridging-Header.h */,
				412EE7CE1B0F9D5C00244486 /* SwiftyJSON.swift */,
			);
			path = Util;
			sourceTree = "<group>";
		};
		4107B4691B1217C1005B0176 /* Products */ = {
			isa = PBXGroup;
			children = (
				4107B4701B1217C1005B0176 /* Alamofire.framework */,
				4107B4721B1217C1005B0176 /* Alamofire.framework */,
				41D34C661BB09861000AD540 /* Alamofire.framework */,
				4107B4741B1217C1005B0176 /* Alamofire iOS Tests.xctest */,
				4107B4761B1217C1005B0176 /* Alamofire OSX Tests.xctest */,
			);
			name = Products;
			sourceTree = "<group>";
		};
		4107B47D1B121B79005B0176 /* Products */ = {
			isa = PBXGroup;
			children = (
				4107B4881B121B79005B0176 /* HTMLReader.framework */,
				4107B48A1B121B79005B0176 /* Tests on iOS.xctest */,
				4107B48C1B121B79005B0176 /* HTMLReader.framework */,
				4107B48E1B121B79005B0176 /* Tests on OS X.xctest */,
				4107B4901B121B79005B0176 /* Benchmarker */,
				4107B4921B121B79005B0176 /* Encoding Labeler */,
				4107B4941B121B79005B0176 /* Entity Fetcher */,
				4107B4961B121B79005B0176 /* libHTMLReader.a */,
			);
			name = Products;
			sourceTree = "<group>";
		};
		411083D61BB6C10F007494C7 /* Products */ = {
			isa = PBXGroup;
			children = (
				411083DE1BB6C10F007494C7 /* Locksmith.framework */,
				411083E01BB6C10F007494C7 /* Locksmith iOS Tests.xctest */,
				411083E21BB6C10F007494C7 /* Locksmith.framework */,
				411083E41BB6C10F007494C7 /* Locksmith OS X Tests.xctest */,
				411083E61BB6C10F007494C7 /* Locksmith.framework */,
			);
			name = Products;
			sourceTree = "<group>";
		};
		41E33E6D1AF9998600FF50BE /* Src */ = {
			isa = PBXGroup;
			children = (
				41D8CBDB1B0A950D0040E5D1 /* Navigation_Controller.swift */,
				41E33E861AF99A3000FF50BE /* AppDelegate.swift */,
				4107B4631B121497005B0176 /* Util */,
				41E33E771AF999CE00FF50BE /* Events */,
				41E33E7A1AF999CE00FF50BE /* Food */,
				41E33E7D1AF999CE00FF50BE /* Me */,
				41E33E801AF999CE00FF50BE /* Settings */,
			);
			path = Src;
			sourceTree = "<group>";
		};
		41E33E771AF999CE00FF50BE /* Events */ = {
			isa = PBXGroup;
			children = (
				41E33E781AF999CE00FF50BE /* Activities */,
			);
			path = Events;
			sourceTree = "<group>";
		};
		41E33E781AF999CE00FF50BE /* Activities */ = {
			isa = PBXGroup;
			children = (
				41E33E791AF999CE00FF50BE /* Events_Activities_ViewController.swift */,
			);
			name = Activities;
			path = Saa;
			sourceTree = "<group>";
		};
		41E33E7A1AF999CE00FF50BE /* Food */ = {
			isa = PBXGroup;
			children = (
				41E33E7B1AF999CE00FF50BE /* Meals */,
			);
			path = Food;
			sourceTree = "<group>";
		};
		41E33E7B1AF999CE00FF50BE /* Meals */ = {
			isa = PBXGroup;
			children = (
				41E33E7C1AF999CE00FF50BE /* Food_Meals_ViewController.swift */,
			);
			name = Meals;
			path = Flik;
			sourceTree = "<group>";
		};
		41E33E7D1AF999CE00FF50BE /* Me */ = {
			isa = PBXGroup;
			children = (
				41E33E7E1AF999CE00FF50BE /* Mailbox */,
			);
			path = Me;
			sourceTree = "<group>";
		};
		41E33E7E1AF999CE00FF50BE /* Mailbox */ = {
			isa = PBXGroup;
			children = (
				41E33E7F1AF999CE00FF50BE /* Me_Mailbox_ViewController.swift */,
			);
			path = Mailbox;
			sourceTree = "<group>";
		};
		41E33E801AF999CE00FF50BE /* Settings */ = {
			isa = PBXGroup;
			children = (
				41D8CBD91B0A8EC30040E5D1 /* Settings_Login_ViewController.swift */,
			);
			path = Settings;
			sourceTree = "<group>";
		};
		41FB945A1AF7DB5600D2C1B5 = {
			isa = PBXGroup;
			children = (
				411083D51BB6C10F007494C7 /* Locksmith.xcodeproj */,
				4107B47C1B121B79005B0176 /* HTMLReader.xcodeproj */,
				4107B4681B1217C1005B0176 /* Alamofire.xcodeproj */,
				41EEB50F1AF7DDC1002435F7 /* .gitignore */,
				41FB94651AF7DB5600D2C1B5 /* miltonmobileios */,
				41FB94641AF7DB5600D2C1B5 /* Products */,
			);
			sourceTree = "<group>";
			usesTabs = 0;
		};
		41FB94641AF7DB5600D2C1B5 /* Products */ = {
			isa = PBXGroup;
			children = (
				41FB94631AF7DB5600D2C1B5 /* miltonmobileios.app */,
			);
			name = Products;
			sourceTree = "<group>";
		};
		41FB94651AF7DB5600D2C1B5 /* miltonmobileios */ = {
			isa = PBXGroup;
			children = (
				41E33E6D1AF9998600FF50BE /* Src */,
				41FB946C1AF7DB5600D2C1B5 /* Main.storyboard */,
				41FB946F1AF7DB5600D2C1B5 /* Images.xcassets */,
				41FB94661AF7DB5600D2C1B5 /* Supporting Files */,
			);
			path = miltonmobileios;
			sourceTree = "<group>";
		};
		41FB94661AF7DB5600D2C1B5 /* Supporting Files */ = {
			isa = PBXGroup;
			children = (
				41FB949D1AF7DC7C00D2C1B5 /* vegetarian.png */,
				41FB94671AF7DB5600D2C1B5 /* Info.plist */,
			);
			name = "Supporting Files";
			sourceTree = "<group>";
		};
/* End PBXGroup section */

/* Begin PBXNativeTarget section */
		41FB94621AF7DB5600D2C1B5 /* miltonmobileios */ = {
			isa = PBXNativeTarget;
			buildConfigurationList = 41FB94821AF7DB5600D2C1B5 /* Build configuration list for PBXNativeTarget "miltonmobileios" */;
			buildPhases = (
				41FB945F1AF7DB5600D2C1B5 /* Sources */,
				41FB94601AF7DB5600D2C1B5 /* Frameworks */,
				41FB94611AF7DB5600D2C1B5 /* Resources */,
				4107B47B1B121867005B0176 /* Embed Frameworks */,
			);
			buildRules = (
			);
			dependencies = (
				4107B47A1B121867005B0176 /* PBXTargetDependency */,
				4107B49A1B121B8A005B0176 /* PBXTargetDependency */,
				411083EA1BB6C144007494C7 /* PBXTargetDependency */,
			);
			name = miltonmobileios;
			productName = miltonmobileios;
			productReference = 41FB94631AF7DB5600D2C1B5 /* miltonmobileios.app */;
			productType = "com.apple.product-type.application";
		};
/* End PBXNativeTarget section */

/* Begin PBXProject section */
		41FB945B1AF7DB5600D2C1B5 /* Project object */ = {
			isa = PBXProject;
			attributes = {
				LastSwiftMigration = 0700;
				LastSwiftUpdateCheck = 0700;
				LastUpgradeCheck = 0700;
				ORGANIZATIONNAME = "Milton Academy";
				TargetAttributes = {
					41FB94621AF7DB5600D2C1B5 = {
						CreatedOnToolsVersion = 6.3.1;
						DevelopmentTeam = 7B7M7FR7QW;
					};
				};
			};
			buildConfigurationList = 41FB945E1AF7DB5600D2C1B5 /* Build configuration list for PBXProject "miltonmobileios" */;
			compatibilityVersion = "Xcode 3.2";
			developmentRegion = English;
			hasScannedForEncodings = 0;
			knownRegions = (
				en,
				Base,
			);
			mainGroup = 41FB945A1AF7DB5600D2C1B5;
			productRefGroup = 41FB94641AF7DB5600D2C1B5 /* Products */;
			projectDirPath = "";
			projectReferences = (
				{
					ProductGroup = 4107B4691B1217C1005B0176 /* Products */;
					ProjectRef = 4107B4681B1217C1005B0176 /* Alamofire.xcodeproj */;
				},
				{
					ProductGroup = 4107B47D1B121B79005B0176 /* Products */;
					ProjectRef = 4107B47C1B121B79005B0176 /* HTMLReader.xcodeproj */;
				},
				{
					ProductGroup = 411083D61BB6C10F007494C7 /* Products */;
					ProjectRef = 411083D51BB6C10F007494C7 /* Locksmith.xcodeproj */;
				},
			);
			projectRoot = "";
			targets = (
				41FB94621AF7DB5600D2C1B5 /* miltonmobileios */,
			);
		};
/* End PBXProject section */

/* Begin PBXReferenceProxy section */
		4107B4701B1217C1005B0176 /* Alamofire.framework */ = {
			isa = PBXReferenceProxy;
			fileType = wrapper.framework;
			path = Alamofire.framework;
			remoteRef = 4107B46F1B1217C1005B0176 /* PBXContainerItemProxy */;
			sourceTree = BUILT_PRODUCTS_DIR;
		};
		4107B4721B1217C1005B0176 /* Alamofire.framework */ = {
			isa = PBXReferenceProxy;
			fileType = wrapper.framework;
			path = Alamofire.framework;
			remoteRef = 4107B4711B1217C1005B0176 /* PBXContainerItemProxy */;
			sourceTree = BUILT_PRODUCTS_DIR;
		};
		4107B4741B1217C1005B0176 /* Alamofire iOS Tests.xctest */ = {
			isa = PBXReferenceProxy;
			fileType = wrapper.cfbundle;
			path = "Alamofire iOS Tests.xctest";
			remoteRef = 4107B4731B1217C1005B0176 /* PBXContainerItemProxy */;
			sourceTree = BUILT_PRODUCTS_DIR;
		};
		4107B4761B1217C1005B0176 /* Alamofire OSX Tests.xctest */ = {
			isa = PBXReferenceProxy;
			fileType = wrapper.cfbundle;
			path = "Alamofire OSX Tests.xctest";
			remoteRef = 4107B4751B1217C1005B0176 /* PBXContainerItemProxy */;
			sourceTree = BUILT_PRODUCTS_DIR;
		};
		4107B4881B121B79005B0176 /* HTMLReader.framework */ = {
			isa = PBXReferenceProxy;
			fileType = wrapper.framework;
			path = HTMLReader.framework;
			remoteRef = 4107B4871B121B79005B0176 /* PBXContainerItemProxy */;
			sourceTree = BUILT_PRODUCTS_DIR;
		};
		4107B48A1B121B79005B0176 /* Tests on iOS.xctest */ = {
			isa = PBXReferenceProxy;
			fileType = wrapper.cfbundle;
			path = "Tests on iOS.xctest";
			remoteRef = 4107B4891B121B79005B0176 /* PBXContainerItemProxy */;
			sourceTree = BUILT_PRODUCTS_DIR;
		};
		4107B48C1B121B79005B0176 /* HTMLReader.framework */ = {
			isa = PBXReferenceProxy;
			fileType = wrapper.framework;
			path = HTMLReader.framework;
			remoteRef = 4107B48B1B121B79005B0176 /* PBXContainerItemProxy */;
			sourceTree = BUILT_PRODUCTS_DIR;
		};
		4107B48E1B121B79005B0176 /* Tests on OS X.xctest */ = {
			isa = PBXReferenceProxy;
			fileType = wrapper.cfbundle;
			path = "Tests on OS X.xctest";
			remoteRef = 4107B48D1B121B79005B0176 /* PBXContainerItemProxy */;
			sourceTree = BUILT_PRODUCTS_DIR;
		};
		4107B4901B121B79005B0176 /* Benchmarker */ = {
			isa = PBXReferenceProxy;
			fileType = "compiled.mach-o.executable";
			path = Benchmarker;
			remoteRef = 4107B48F1B121B79005B0176 /* PBXContainerItemProxy */;
			sourceTree = BUILT_PRODUCTS_DIR;
		};
		4107B4921B121B79005B0176 /* Encoding Labeler */ = {
			isa = PBXReferenceProxy;
			fileType = "compiled.mach-o.executable";
			path = "Encoding Labeler";
			remoteRef = 4107B4911B121B79005B0176 /* PBXContainerItemProxy */;
			sourceTree = BUILT_PRODUCTS_DIR;
		};
		4107B4941B121B79005B0176 /* Entity Fetcher */ = {
			isa = PBXReferenceProxy;
			fileType = "compiled.mach-o.executable";
			path = "Entity Fetcher";
			remoteRef = 4107B4931B121B79005B0176 /* PBXContainerItemProxy */;
			sourceTree = BUILT_PRODUCTS_DIR;
		};
		4107B4961B121B79005B0176 /* libHTMLReader.a */ = {
			isa = PBXReferenceProxy;
			fileType = archive.ar;
			path = libHTMLReader.a;
			remoteRef = 4107B4951B121B79005B0176 /* PBXContainerItemProxy */;
			sourceTree = BUILT_PRODUCTS_DIR;
		};
		411083DE1BB6C10F007494C7 /* Locksmith.framework */ = {
			isa = PBXReferenceProxy;
			fileType = wrapper.framework;
			path = Locksmith.framework;
			remoteRef = 411083DD1BB6C10F007494C7 /* PBXContainerItemProxy */;
			sourceTree = BUILT_PRODUCTS_DIR;
		};
		411083E01BB6C10F007494C7 /* Locksmith iOS Tests.xctest */ = {
			isa = PBXReferenceProxy;
			fileType = wrapper.cfbundle;
			path = "Locksmith iOS Tests.xctest";
			remoteRef = 411083DF1BB6C10F007494C7 /* PBXContainerItemProxy */;
			sourceTree = BUILT_PRODUCTS_DIR;
		};
		411083E21BB6C10F007494C7 /* Locksmith.framework */ = {
			isa = PBXReferenceProxy;
			fileType = wrapper.framework;
			path = Locksmith.framework;
			remoteRef = 411083E11BB6C10F007494C7 /* PBXContainerItemProxy */;
			sourceTree = BUILT_PRODUCTS_DIR;
		};
		411083E41BB6C10F007494C7 /* Locksmith OS X Tests.xctest */ = {
			isa = PBXReferenceProxy;
			fileType = wrapper.cfbundle;
			path = "Locksmith OS X Tests.xctest";
			remoteRef = 411083E31BB6C10F007494C7 /* PBXContainerItemProxy */;
			sourceTree = BUILT_PRODUCTS_DIR;
		};
		411083E61BB6C10F007494C7 /* Locksmith.framework */ = {
			isa = PBXReferenceProxy;
			fileType = wrapper.framework;
			path = Locksmith.framework;
			remoteRef = 411083E51BB6C10F007494C7 /* PBXContainerItemProxy */;
			sourceTree = BUILT_PRODUCTS_DIR;
		};
		41D34C661BB09861000AD540 /* Alamofire.framework */ = {
			isa = PBXReferenceProxy;
			fileType = wrapper.framework;
			path = Alamofire.framework;
			remoteRef = 41D34C651BB09861000AD540 /* PBXContainerItemProxy */;
			sourceTree = BUILT_PRODUCTS_DIR;
		};
/* End PBXReferenceProxy section */

/* Begin PBXResourcesBuildPhase section */
		41FB94611AF7DB5600D2C1B5 /* Resources */ = {
			isa = PBXResourcesBuildPhase;
			buildActionMask = 2147483647;
			files = (
				41FB946E1AF7DB5600D2C1B5 /* Main.storyboard in Resources */,
				41FB94701AF7DB5600D2C1B5 /* Images.xcassets in Resources */,
				41FB94A11AF7DC7C00D2C1B5 /* vegetarian.png in Resources */,
			);
			runOnlyForDeploymentPostprocessing = 0;
		};
/* End PBXResourcesBuildPhase section */

/* Begin PBXSourcesBuildPhase section */
		41FB945F1AF7DB5600D2C1B5 /* Sources */ = {
			isa = PBXSourcesBuildPhase;
			buildActionMask = 2147483647;
			files = (
				41D8CBDC1B0A950D0040E5D1 /* Navigation_Controller.swift in Sources */,
				41E33E831AF999CE00FF50BE /* Food_Meals_ViewController.swift in Sources */,
				411083F01BB6C1F8007494C7 /* KeychainWrapper.swift in Sources */,
				41E33E841AF999CE00FF50BE /* Me_Mailbox_ViewController.swift in Sources */,
				41E33E821AF999CE00FF50BE /* Events_Activities_ViewController.swift in Sources */,
				41D8CBDA1B0A8EC30040E5D1 /* Settings_Login_ViewController.swift in Sources */,
				412EE7CF1B0F9D5C00244486 /* SwiftyJSON.swift in Sources */,
				41E33E871AF99A3000FF50BE /* AppDelegate.swift in Sources */,
				411083EF1BB6C1F8007494C7 /* KeychainWrapper.m in Sources */,
			);
			runOnlyForDeploymentPostprocessing = 0;
		};
/* End PBXSourcesBuildPhase section */

/* Begin PBXTargetDependency section */
		4107B47A1B121867005B0176 /* PBXTargetDependency */ = {
			isa = PBXTargetDependency;
			name = "Alamofire iOS";
			targetProxy = 4107B4791B121867005B0176 /* PBXContainerItemProxy */;
		};
		4107B49A1B121B8A005B0176 /* PBXTargetDependency */ = {
			isa = PBXTargetDependency;
			name = "HTMLReader iOS";
			targetProxy = 4107B4991B121B8A005B0176 /* PBXContainerItemProxy */;
		};
		411083EA1BB6C144007494C7 /* PBXTargetDependency */ = {
			isa = PBXTargetDependency;
			name = "Locksmith iOS";
			targetProxy = 411083E91BB6C144007494C7 /* PBXContainerItemProxy */;
		};
/* End PBXTargetDependency section */

/* Begin PBXVariantGroup section */
		41FB946C1AF7DB5600D2C1B5 /* Main.storyboard */ = {
			isa = PBXVariantGroup;
			children = (
				41FB946D1AF7DB5600D2C1B5 /* Base */,
			);
			name = Main.storyboard;
			sourceTree = "<group>";
		};
/* End PBXVariantGroup section */

/* Begin XCBuildConfiguration section */
		41FB94801AF7DB5600D2C1B5 /* Debug */ = {
			isa = XCBuildConfiguration;
			buildSettings = {
				ALWAYS_SEARCH_USER_PATHS = NO;
				CLANG_CXX_LANGUAGE_STANDARD = "gnu++0x";
				CLANG_CXX_LIBRARY = "libc++";
				CLANG_ENABLE_MODULES = YES;
				CLANG_ENABLE_OBJC_ARC = YES;
				CLANG_WARN_BOOL_CONVERSION = YES;
				CLANG_WARN_CONSTANT_CONVERSION = YES;
				CLANG_WARN_DIRECT_OBJC_ISA_USAGE = YES_ERROR;
				CLANG_WARN_EMPTY_BODY = YES;
				CLANG_WARN_ENUM_CONVERSION = YES;
				CLANG_WARN_INT_CONVERSION = YES;
				CLANG_WARN_OBJC_ROOT_CLASS = YES_ERROR;
				CLANG_WARN_UNREACHABLE_CODE = YES;
				CLANG_WARN__DUPLICATE_METHOD_MATCH = YES;
				"CODE_SIGN_IDENTITY[sdk=iphoneos*]" = "iPhone Developer";
				COPY_PHASE_STRIP = NO;
				DEBUG_INFORMATION_FORMAT = "dwarf-with-dsym";
				ENABLE_STRICT_OBJC_MSGSEND = YES;
				ENABLE_TESTABILITY = YES;
				GCC_C_LANGUAGE_STANDARD = gnu99;
				GCC_DYNAMIC_NO_PIC = NO;
				GCC_NO_COMMON_BLOCKS = YES;
				GCC_OPTIMIZATION_LEVEL = 0;
				GCC_PREPROCESSOR_DEFINITIONS = (
					"DEBUG=1",
					"$(inherited)",
				);
				GCC_SYMBOLS_PRIVATE_EXTERN = NO;
				GCC_WARN_64_TO_32_BIT_CONVERSION = YES;
				GCC_WARN_ABOUT_RETURN_TYPE = YES_ERROR;
				GCC_WARN_UNDECLARED_SELECTOR = YES;
				GCC_WARN_UNINITIALIZED_AUTOS = YES_AGGRESSIVE;
				GCC_WARN_UNUSED_FUNCTION = YES;
				GCC_WARN_UNUSED_VARIABLE = YES;
				IPHONEOS_DEPLOYMENT_TARGET = 9.0;
				MTL_ENABLE_DEBUG_INFO = YES;
				ONLY_ACTIVE_ARCH = YES;
				SDKROOT = iphoneos;
				SWIFT_OPTIMIZATION_LEVEL = "-Onone";
			};
			name = Debug;
		};
		41FB94811AF7DB5600D2C1B5 /* Release */ = {
			isa = XCBuildConfiguration;
			buildSettings = {
				ALWAYS_SEARCH_USER_PATHS = NO;
				CLANG_CXX_LANGUAGE_STANDARD = "gnu++0x";
				CLANG_CXX_LIBRARY = "libc++";
				CLANG_ENABLE_MODULES = YES;
				CLANG_ENABLE_OBJC_ARC = YES;
				CLANG_WARN_BOOL_CONVERSION = YES;
				CLANG_WARN_CONSTANT_CONVERSION = YES;
				CLANG_WARN_DIRECT_OBJC_ISA_USAGE = YES_ERROR;
				CLANG_WARN_EMPTY_BODY = YES;
				CLANG_WARN_ENUM_CONVERSION = YES;
				CLANG_WARN_INT_CONVERSION = YES;
				CLANG_WARN_OBJC_ROOT_CLASS = YES_ERROR;
				CLANG_WARN_UNREACHABLE_CODE = YES;
				CLANG_WARN__DUPLICATE_METHOD_MATCH = YES;
				"CODE_SIGN_IDENTITY[sdk=iphoneos*]" = "iPhone Developer";
				COPY_PHASE_STRIP = NO;
				DEBUG_INFORMATION_FORMAT = "dwarf-with-dsym";
				ENABLE_NS_ASSERTIONS = NO;
				ENABLE_STRICT_OBJC_MSGSEND = YES;
				GCC_C_LANGUAGE_STANDARD = gnu99;
				GCC_NO_COMMON_BLOCKS = YES;
				GCC_WARN_64_TO_32_BIT_CONVERSION = YES;
				GCC_WARN_ABOUT_RETURN_TYPE = YES_ERROR;
				GCC_WARN_UNDECLARED_SELECTOR = YES;
				GCC_WARN_UNINITIALIZED_AUTOS = YES_AGGRESSIVE;
				GCC_WARN_UNUSED_FUNCTION = YES;
				GCC_WARN_UNUSED_VARIABLE = YES;
				IPHONEOS_DEPLOYMENT_TARGET = 9.0;
				MTL_ENABLE_DEBUG_INFO = NO;
				SDKROOT = iphoneos;
				VALIDATE_PRODUCT = YES;
			};
			name = Release;
		};
		41FB94831AF7DB5600D2C1B5 /* Debug */ = {
			isa = XCBuildConfiguration;
			buildSettings = {
				ASSETCATALOG_COMPILER_APPICON_NAME = AppIcon;
				ASSETCATALOG_COMPILER_LAUNCHIMAGE_NAME = LaunchImage;
				CLANG_ENABLE_MODULES = YES;
				CODE_SIGN_IDENTITY = "iPhone Developer";
				EMBEDDED_CONTENT_CONTAINS_SWIFT = YES;
				INFOPLIST_FILE = miltonmobileios/Info.plist;
				IPHONEOS_DEPLOYMENT_TARGET = 8.0;
				LD_RUNPATH_SEARCH_PATHS = "$(inherited) @executable_path/Frameworks";
				PRODUCT_BUNDLE_IDENTIFIER = "edu.milton.$(PRODUCT_NAME:rfc1034identifier)";
				PRODUCT_NAME = miltonmobileios;
				SWIFT_OBJC_BRIDGING_HEADER = "miltonmobileios/Src/Util/miltonmobileios-Bridging-Header.h";
				SWIFT_OPTIMIZATION_LEVEL = "-Onone";
				TARGETED_DEVICE_FAMILY = 1;
			};
			name = Debug;
		};
		41FB94841AF7DB5600D2C1B5 /* Release */ = {
			isa = XCBuildConfiguration;
			buildSettings = {
				ASSETCATALOG_COMPILER_APPICON_NAME = AppIcon;
				ASSETCATALOG_COMPILER_LAUNCHIMAGE_NAME = LaunchImage;
				CLANG_ENABLE_MODULES = YES;
				CODE_SIGN_IDENTITY = "iPhone Developer";
				EMBEDDED_CONTENT_CONTAINS_SWIFT = YES;
				INFOPLIST_FILE = miltonmobileios/Info.plist;
				IPHONEOS_DEPLOYMENT_TARGET = 8.0;
				LD_RUNPATH_SEARCH_PATHS = "$(inherited) @executable_path/Frameworks";
				PRODUCT_BUNDLE_IDENTIFIER = "edu.milton.$(PRODUCT_NAME:rfc1034identifier)";
				PRODUCT_NAME = miltonmobileios;
				SWIFT_OBJC_BRIDGING_HEADER = "miltonmobileios/Src/Util/miltonmobileios-Bridging-Header.h";
				TARGETED_DEVICE_FAMILY = 1;
			};
			name = Release;
		};
/* End XCBuildConfiguration section */

/* Begin XCConfigurationList section */
		41FB945E1AF7DB5600D2C1B5 /* Build configuration list for PBXProject "miltonmobileios" */ = {
			isa = XCConfigurationList;
			buildConfigurations = (
				41FB94801AF7DB5600D2C1B5 /* Debug */,
				41FB94811AF7DB5600D2C1B5 /* Release */,
			);
			defaultConfigurationIsVisible = 0;
			defaultConfigurationName = Release;
		};
		41FB94821AF7DB5600D2C1B5 /* Build configuration list for PBXNativeTarget "miltonmobileios" */ = {
			isa = XCConfigurationList;
			buildConfigurations = (
				41FB94831AF7DB5600D2C1B5 /* Debug */,
				41FB94841AF7DB5600D2C1B5 /* Release */,
			);
			defaultConfigurationIsVisible = 0;
			defaultConfigurationName = Release;
		};
/* End XCConfigurationList section */
	};
	rootObject = 41FB945B1AF7DB5600D2C1B5 /* Project object */;
}
