// !$*UTF8*$!
{
	archiveVersion = 1;
	classes = {
	};
	objectVersion = 46;
	objects = {

/* Begin PBXBuildFile section */
		41E33E821AF999CE00FF50BE /* Events_Saa_ViewController.swift in Sources */ = {isa = PBXBuildFile; fileRef = 41E33E791AF999CE00FF50BE /* Events_Saa_ViewController.swift */; };
		41E33E831AF999CE00FF50BE /* Food_Flik_ViewController.swift in Sources */ = {isa = PBXBuildFile; fileRef = 41E33E7C1AF999CE00FF50BE /* Food_Flik_ViewController.swift */; };
		41E33E841AF999CE00FF50BE /* Me_Mailbox_ViewControllerMailbox.swift in Sources */ = {isa = PBXBuildFile; fileRef = 41E33E7F1AF999CE00FF50BE /* Me_Mailbox_ViewControllerMailbox.swift */; };
		41E33E851AF999CE00FF50BE /* Settings_ViewController.swift in Sources */ = {isa = PBXBuildFile; fileRef = 41E33E811AF999CE00FF50BE /* Settings_ViewController.swift */; };
		41E33E871AF99A3000FF50BE /* AppDelegate.swift in Sources */ = {isa = PBXBuildFile; fileRef = 41E33E861AF99A3000FF50BE /* AppDelegate.swift */; };
		41E33E8B1AF99C4000FF50BE /* Home_ViewController.swift in Sources */ = {isa = PBXBuildFile; fileRef = 41E33E8A1AF99C4000FF50BE /* Home_ViewController.swift */; };
		41FB946E1AF7DB5600D2C1B5 /* Main.storyboard in Resources */ = {isa = PBXBuildFile; fileRef = 41FB946C1AF7DB5600D2C1B5 /* Main.storyboard */; };
		41FB94701AF7DB5600D2C1B5 /* Images.xcassets in Resources */ = {isa = PBXBuildFile; fileRef = 41FB946F1AF7DB5600D2C1B5 /* Images.xcassets */; };
		41FB94731AF7DB5600D2C1B5 /* LaunchScreen.xib in Resources */ = {isa = PBXBuildFile; fileRef = 41FB94711AF7DB5600D2C1B5 /* LaunchScreen.xib */; };
		41FB947F1AF7DB5600D2C1B5 /* MiltonMobileIOSTests.swift in Sources */ = {isa = PBXBuildFile; fileRef = 41FB947E1AF7DB5600D2C1B5 /* MiltonMobileIOSTests.swift */; };
		41FB949E1AF7DC7C00D2C1B5 /* 1329_logo.jpg in Resources */ = {isa = PBXBuildFile; fileRef = 41FB949A1AF7DC7C00D2C1B5 /* 1329_logo.jpg */; };
		41FB94A01AF7DC7C00D2C1B5 /* Milton_Academy_Seal.jpg in Resources */ = {isa = PBXBuildFile; fileRef = 41FB949C1AF7DC7C00D2C1B5 /* Milton_Academy_Seal.jpg */; };
		41FB94A11AF7DC7C00D2C1B5 /* vegetarian.png in Resources */ = {isa = PBXBuildFile; fileRef = 41FB949D1AF7DC7C00D2C1B5 /* vegetarian.png */; };
/* End PBXBuildFile section */

/* Begin PBXContainerItemProxy section */
		41FB94791AF7DB5600D2C1B5 /* PBXContainerItemProxy */ = {
			isa = PBXContainerItemProxy;
			containerPortal = 41FB945B1AF7DB5600D2C1B5 /* Project object */;
			proxyType = 1;
			remoteGlobalIDString = 41FB94621AF7DB5600D2C1B5;
			remoteInfo = MiltonMobileIOS;
		};
/* End PBXContainerItemProxy section */

/* Begin PBXFileReference section */
		41E33E791AF999CE00FF50BE /* Events_Saa_ViewController.swift */ = {isa = PBXFileReference; fileEncoding = 4; lastKnownFileType = sourcecode.swift; path = Events_Saa_ViewController.swift; sourceTree = "<group>"; };
		41E33E7C1AF999CE00FF50BE /* Food_Flik_ViewController.swift */ = {isa = PBXFileReference; fileEncoding = 4; lastKnownFileType = sourcecode.swift; path = Food_Flik_ViewController.swift; sourceTree = "<group>"; };
		41E33E7F1AF999CE00FF50BE /* Me_Mailbox_ViewControllerMailbox.swift */ = {isa = PBXFileReference; fileEncoding = 4; lastKnownFileType = sourcecode.swift; path = Me_Mailbox_ViewControllerMailbox.swift; sourceTree = "<group>"; };
		41E33E811AF999CE00FF50BE /* Settings_ViewController.swift */ = {isa = PBXFileReference; fileEncoding = 4; lastKnownFileType = sourcecode.swift; path = Settings_ViewController.swift; sourceTree = "<group>"; };
		41E33E861AF99A3000FF50BE /* AppDelegate.swift */ = {isa = PBXFileReference; fileEncoding = 4; lastKnownFileType = sourcecode.swift; path = AppDelegate.swift; sourceTree = "<group>"; };
		41E33E8A1AF99C4000FF50BE /* Home_ViewController.swift */ = {isa = PBXFileReference; fileEncoding = 4; lastKnownFileType = sourcecode.swift; path = Home_ViewController.swift; sourceTree = "<group>"; };
		41EEB50F1AF7DDC1002435F7 /* .gitignore */ = {isa = PBXFileReference; lastKnownFileType = text; path = .gitignore; sourceTree = "<group>"; };
		41FB94631AF7DB5600D2C1B5 /* MiltonMobileIOS.app */ = {isa = PBXFileReference; explicitFileType = wrapper.application; includeInIndex = 0; path = MiltonMobileIOS.app; sourceTree = BUILT_PRODUCTS_DIR; };
		41FB94671AF7DB5600D2C1B5 /* Info.plist */ = {isa = PBXFileReference; lastKnownFileType = text.plist.xml; path = Info.plist; sourceTree = "<group>"; };
		41FB946D1AF7DB5600D2C1B5 /* Base */ = {isa = PBXFileReference; lastKnownFileType = file.storyboard; name = Base; path = Base.lproj/Main.storyboard; sourceTree = "<group>"; };
		41FB946F1AF7DB5600D2C1B5 /* Images.xcassets */ = {isa = PBXFileReference; lastKnownFileType = folder.assetcatalog; path = Images.xcassets; sourceTree = "<group>"; };
		41FB94721AF7DB5600D2C1B5 /* Base */ = {isa = PBXFileReference; lastKnownFileType = file.xib; name = Base; path = Base.lproj/LaunchScreen.xib; sourceTree = "<group>"; };
		41FB94781AF7DB5600D2C1B5 /* MiltonMobileIOSTests.xctest */ = {isa = PBXFileReference; explicitFileType = wrapper.cfbundle; includeInIndex = 0; path = MiltonMobileIOSTests.xctest; sourceTree = BUILT_PRODUCTS_DIR; };
		41FB947D1AF7DB5600D2C1B5 /* Info.plist */ = {isa = PBXFileReference; lastKnownFileType = text.plist.xml; path = Info.plist; sourceTree = "<group>"; };
		41FB947E1AF7DB5600D2C1B5 /* MiltonMobileIOSTests.swift */ = {isa = PBXFileReference; lastKnownFileType = sourcecode.swift; path = MiltonMobileIOSTests.swift; sourceTree = "<group>"; };
		41FB949A1AF7DC7C00D2C1B5 /* 1329_logo.jpg */ = {isa = PBXFileReference; lastKnownFileType = image.jpeg; path = 1329_logo.jpg; sourceTree = "<group>"; };
		41FB949C1AF7DC7C00D2C1B5 /* Milton_Academy_Seal.jpg */ = {isa = PBXFileReference; lastKnownFileType = image.jpeg; path = Milton_Academy_Seal.jpg; sourceTree = "<group>"; };
		41FB949D1AF7DC7C00D2C1B5 /* vegetarian.png */ = {isa = PBXFileReference; lastKnownFileType = image.png; path = vegetarian.png; sourceTree = "<group>"; };
/* End PBXFileReference section */

/* Begin PBXFrameworksBuildPhase section */
		41FB94601AF7DB5600D2C1B5 /* Frameworks */ = {
			isa = PBXFrameworksBuildPhase;
			buildActionMask = 2147483647;
			files = (
			);
			runOnlyForDeploymentPostprocessing = 0;
		};
		41FB94751AF7DB5600D2C1B5 /* Frameworks */ = {
			isa = PBXFrameworksBuildPhase;
			buildActionMask = 2147483647;
			files = (
			);
			runOnlyForDeploymentPostprocessing = 0;
		};
/* End PBXFrameworksBuildPhase section */

/* Begin PBXGroup section */
		41E33E6D1AF9998600FF50BE /* Src */ = {
			isa = PBXGroup;
			children = (
				41E33E881AF99C0600FF50BE /* Home */,
				41E33E861AF99A3000FF50BE /* AppDelegate.swift */,
				41E33E771AF999CE00FF50BE /* Events */,
				41E33E7A1AF999CE00FF50BE /* Food */,
				41E33E7D1AF999CE00FF50BE /* Me */,
				41E33E801AF999CE00FF50BE /* Settings */,
			);
			name = Src;
			sourceTree = "<group>";
		};
		41E33E771AF999CE00FF50BE /* Events */ = {
			isa = PBXGroup;
			children = (
				41E33E781AF999CE00FF50BE /* Saa */,
			);
			name = Events;
			path = Src/Events;
			sourceTree = "<group>";
		};
		41E33E781AF999CE00FF50BE /* Saa */ = {
			isa = PBXGroup;
			children = (
				41E33E791AF999CE00FF50BE /* Events_Saa_ViewController.swift */,
			);
			path = Saa;
			sourceTree = "<group>";
		};
		41E33E7A1AF999CE00FF50BE /* Food */ = {
			isa = PBXGroup;
			children = (
				41E33E7B1AF999CE00FF50BE /* Flik */,
			);
			name = Food;
			path = Src/Food;
			sourceTree = "<group>";
		};
		41E33E7B1AF999CE00FF50BE /* Flik */ = {
			isa = PBXGroup;
			children = (
				41E33E7C1AF999CE00FF50BE /* Food_Flik_ViewController.swift */,
			);
			path = Flik;
			sourceTree = "<group>";
		};
		41E33E7D1AF999CE00FF50BE /* Me */ = {
			isa = PBXGroup;
			children = (
				41E33E7E1AF999CE00FF50BE /* Mailbox */,
			);
			name = Me;
			path = Src/Me;
			sourceTree = "<group>";
		};
		41E33E7E1AF999CE00FF50BE /* Mailbox */ = {
			isa = PBXGroup;
			children = (
				41E33E7F1AF999CE00FF50BE /* Me_Mailbox_ViewControllerMailbox.swift */,
			);
			path = Mailbox;
			sourceTree = "<group>";
		};
		41E33E801AF999CE00FF50BE /* Settings */ = {
			isa = PBXGroup;
			children = (
				41E33E811AF999CE00FF50BE /* Settings_ViewController.swift */,
			);
			name = Settings;
			path = Src/Settings;
			sourceTree = "<group>";
		};
		41E33E881AF99C0600FF50BE /* Home */ = {
			isa = PBXGroup;
			children = (
				41E33E8A1AF99C4000FF50BE /* Home_ViewController.swift */,
			);
			name = Home;
			sourceTree = "<group>";
		};
		41FB945A1AF7DB5600D2C1B5 = {
			isa = PBXGroup;
			children = (
				41EEB50F1AF7DDC1002435F7 /* .gitignore */,
				41FB94651AF7DB5600D2C1B5 /* MiltonMobileIOS */,
				41FB947B1AF7DB5600D2C1B5 /* MiltonMobileIOSTests */,
				41FB94641AF7DB5600D2C1B5 /* Products */,
			);
			sourceTree = "<group>";
		};
		41FB94641AF7DB5600D2C1B5 /* Products */ = {
			isa = PBXGroup;
			children = (
				41FB94631AF7DB5600D2C1B5 /* MiltonMobileIOS.app */,
				41FB94781AF7DB5600D2C1B5 /* MiltonMobileIOSTests.xctest */,
			);
			name = Products;
			sourceTree = "<group>";
		};
		41FB94651AF7DB5600D2C1B5 /* MiltonMobileIOS */ = {
			isa = PBXGroup;
			children = (
				41E33E6D1AF9998600FF50BE /* Src */,
				41FB946C1AF7DB5600D2C1B5 /* Main.storyboard */,
				41FB946F1AF7DB5600D2C1B5 /* Images.xcassets */,
				41FB94711AF7DB5600D2C1B5 /* LaunchScreen.xib */,
				41FB94661AF7DB5600D2C1B5 /* Supporting Files */,
			);
			path = MiltonMobileIOS;
			sourceTree = "<group>";
		};
		41FB94661AF7DB5600D2C1B5 /* Supporting Files */ = {
			isa = PBXGroup;
			children = (
				41FB949A1AF7DC7C00D2C1B5 /* 1329_logo.jpg */,
				41FB949C1AF7DC7C00D2C1B5 /* Milton_Academy_Seal.jpg */,
				41FB949D1AF7DC7C00D2C1B5 /* vegetarian.png */,
				41FB94671AF7DB5600D2C1B5 /* Info.plist */,
			);
			name = "Supporting Files";
			sourceTree = "<group>";
		};
		41FB947B1AF7DB5600D2C1B5 /* MiltonMobileIOSTests */ = {
			isa = PBXGroup;
			children = (
				41FB947E1AF7DB5600D2C1B5 /* MiltonMobileIOSTests.swift */,
				41FB947C1AF7DB5600D2C1B5 /* Supporting Files */,
			);
			path = MiltonMobileIOSTests;
			sourceTree = "<group>";
		};
		41FB947C1AF7DB5600D2C1B5 /* Supporting Files */ = {
			isa = PBXGroup;
			children = (
				41FB947D1AF7DB5600D2C1B5 /* Info.plist */,
			);
			name = "Supporting Files";
			sourceTree = "<group>";
		};
/* End PBXGroup section */

/* Begin PBXNativeTarget section */
		41FB94621AF7DB5600D2C1B5 /* MiltonMobileIOS */ = {
			isa = PBXNativeTarget;
			buildConfigurationList = 41FB94821AF7DB5600D2C1B5 /* Build configuration list for PBXNativeTarget "MiltonMobileIOS" */;
			buildPhases = (
				41FB945F1AF7DB5600D2C1B5 /* Sources */,
				41FB94601AF7DB5600D2C1B5 /* Frameworks */,
				41FB94611AF7DB5600D2C1B5 /* Resources */,
			);
			buildRules = (
			);
			dependencies = (
			);
			name = MiltonMobileIOS;
			productName = MiltonMobileIOS;
			productReference = 41FB94631AF7DB5600D2C1B5 /* MiltonMobileIOS.app */;
			productType = "com.apple.product-type.application";
		};
		41FB94771AF7DB5600D2C1B5 /* MiltonMobileIOSTests */ = {
			isa = PBXNativeTarget;
			buildConfigurationList = 41FB94851AF7DB5600D2C1B5 /* Build configuration list for PBXNativeTarget "MiltonMobileIOSTests" */;
			buildPhases = (
				41FB94741AF7DB5600D2C1B5 /* Sources */,
				41FB94751AF7DB5600D2C1B5 /* Frameworks */,
				41FB94761AF7DB5600D2C1B5 /* Resources */,
			);
			buildRules = (
			);
			dependencies = (
				41FB947A1AF7DB5600D2C1B5 /* PBXTargetDependency */,
			);
			name = MiltonMobileIOSTests;
			productName = MiltonMobileIOSTests;
			productReference = 41FB94781AF7DB5600D2C1B5 /* MiltonMobileIOSTests.xctest */;
			productType = "com.apple.product-type.bundle.unit-test";
		};
/* End PBXNativeTarget section */

/* Begin PBXProject section */
		41FB945B1AF7DB5600D2C1B5 /* Project object */ = {
			isa = PBXProject;
			attributes = {
				LastUpgradeCheck = 0630;
				ORGANIZATIONNAME = "Milton Academy";
				TargetAttributes = {
					41FB94621AF7DB5600D2C1B5 = {
						CreatedOnToolsVersion = 6.3.1;
						DevelopmentTeam = 7B7M7FR7QW;
					};
					41FB94771AF7DB5600D2C1B5 = {
						CreatedOnToolsVersion = 6.3.1;
						TestTargetID = 41FB94621AF7DB5600D2C1B5;
					};
				};
			};
			buildConfigurationList = 41FB945E1AF7DB5600D2C1B5 /* Build configuration list for PBXProject "MiltonMobileIOS" */;
			compatibilityVersion = "Xcode 3.2";
			developmentRegion = English;
			hasScannedForEncodings = 0;
			knownRegions = (
				en,
				Base,
			);
			mainGroup = 41FB945A1AF7DB5600D2C1B5;
			productRefGroup = 41FB94641AF7DB5600D2C1B5 /* Products */;
			projectDirPath = "";
			projectRoot = "";
			targets = (
				41FB94621AF7DB5600D2C1B5 /* MiltonMobileIOS */,
				41FB94771AF7DB5600D2C1B5 /* MiltonMobileIOSTests */,
			);
		};
/* End PBXProject section */

/* Begin PBXResourcesBuildPhase section */
		41FB94611AF7DB5600D2C1B5 /* Resources */ = {
			isa = PBXResourcesBuildPhase;
			buildActionMask = 2147483647;
			files = (
				41FB94A01AF7DC7C00D2C1B5 /* Milton_Academy_Seal.jpg in Resources */,
				41FB946E1AF7DB5600D2C1B5 /* Main.storyboard in Resources */,
				41FB94731AF7DB5600D2C1B5 /* LaunchScreen.xib in Resources */,
				41FB94701AF7DB5600D2C1B5 /* Images.xcassets in Resources */,
				41FB949E1AF7DC7C00D2C1B5 /* 1329_logo.jpg in Resources */,
				41FB94A11AF7DC7C00D2C1B5 /* vegetarian.png in Resources */,
			);
			runOnlyForDeploymentPostprocessing = 0;
		};
		41FB94761AF7DB5600D2C1B5 /* Resources */ = {
			isa = PBXResourcesBuildPhase;
			buildActionMask = 2147483647;
			files = (
			);
			runOnlyForDeploymentPostprocessing = 0;
		};
/* End PBXResourcesBuildPhase section */

/* Begin PBXSourcesBuildPhase section */
		41FB945F1AF7DB5600D2C1B5 /* Sources */ = {
			isa = PBXSourcesBuildPhase;
			buildActionMask = 2147483647;
			files = (
				41E33E8B1AF99C4000FF50BE /* Home_ViewController.swift in Sources */,
				41E33E831AF999CE00FF50BE /* Food_Flik_ViewController.swift in Sources */,
				41E33E841AF999CE00FF50BE /* Me_Mailbox_ViewControllerMailbox.swift in Sources */,
				41E33E821AF999CE00FF50BE /* Events_Saa_ViewController.swift in Sources */,
				41E33E871AF99A3000FF50BE /* AppDelegate.swift in Sources */,
				41E33E851AF999CE00FF50BE /* Settings_ViewController.swift in Sources */,
			);
			runOnlyForDeploymentPostprocessing = 0;
		};
		41FB94741AF7DB5600D2C1B5 /* Sources */ = {
			isa = PBXSourcesBuildPhase;
			buildActionMask = 2147483647;
			files = (
				41FB947F1AF7DB5600D2C1B5 /* MiltonMobileIOSTests.swift in Sources */,
			);
			runOnlyForDeploymentPostprocessing = 0;
		};
/* End PBXSourcesBuildPhase section */

/* Begin PBXTargetDependency section */
		41FB947A1AF7DB5600D2C1B5 /* PBXTargetDependency */ = {
			isa = PBXTargetDependency;
			target = 41FB94621AF7DB5600D2C1B5 /* MiltonMobileIOS */;
			targetProxy = 41FB94791AF7DB5600D2C1B5 /* PBXContainerItemProxy */;
		};
/* End PBXTargetDependency section */

/* Begin PBXVariantGroup section */
		41FB946C1AF7DB5600D2C1B5 /* Main.storyboard */ = {
			isa = PBXVariantGroup;
			children = (
				41FB946D1AF7DB5600D2C1B5 /* Base */,
			);
			name = Main.storyboard;
			sourceTree = "<group>";
		};
		41FB94711AF7DB5600D2C1B5 /* LaunchScreen.xib */ = {
			isa = PBXVariantGroup;
			children = (
				41FB94721AF7DB5600D2C1B5 /* Base */,
			);
			name = LaunchScreen.xib;
			sourceTree = "<group>";
		};
/* End PBXVariantGroup section */

/* Begin XCBuildConfiguration section */
		41FB94801AF7DB5600D2C1B5 /* Debug */ = {
			isa = XCBuildConfiguration;
			buildSettings = {
				ALWAYS_SEARCH_USER_PATHS = NO;
				CLANG_CXX_LANGUAGE_STANDARD = "gnu++0x";
				CLANG_CXX_LIBRARY = "libc++";
				CLANG_ENABLE_MODULES = YES;
				CLANG_ENABLE_OBJC_ARC = YES;
				CLANG_WARN_BOOL_CONVERSION = YES;
				CLANG_WARN_CONSTANT_CONVERSION = YES;
				CLANG_WARN_DIRECT_OBJC_ISA_USAGE = YES_ERROR;
				CLANG_WARN_EMPTY_BODY = YES;
				CLANG_WARN_ENUM_CONVERSION = YES;
				CLANG_WARN_INT_CONVERSION = YES;
				CLANG_WARN_OBJC_ROOT_CLASS = YES_ERROR;
				CLANG_WARN_UNREACHABLE_CODE = YES;
				CLANG_WARN__DUPLICATE_METHOD_MATCH = YES;
				"CODE_SIGN_IDENTITY[sdk=iphoneos*]" = "iPhone Developer";
				COPY_PHASE_STRIP = NO;
				DEBUG_INFORMATION_FORMAT = "dwarf-with-dsym";
				ENABLE_STRICT_OBJC_MSGSEND = YES;
				GCC_C_LANGUAGE_STANDARD = gnu99;
				GCC_DYNAMIC_NO_PIC = NO;
				GCC_NO_COMMON_BLOCKS = YES;
				GCC_OPTIMIZATION_LEVEL = 0;
				GCC_PREPROCESSOR_DEFINITIONS = (
					"DEBUG=1",
					"$(inherited)",
				);
				GCC_SYMBOLS_PRIVATE_EXTERN = NO;
				GCC_WARN_64_TO_32_BIT_CONVERSION = YES;
				GCC_WARN_ABOUT_RETURN_TYPE = YES_ERROR;
				GCC_WARN_UNDECLARED_SELECTOR = YES;
				GCC_WARN_UNINITIALIZED_AUTOS = YES_AGGRESSIVE;
				GCC_WARN_UNUSED_FUNCTION = YES;
				GCC_WARN_UNUSED_VARIABLE = YES;
				IPHONEOS_DEPLOYMENT_TARGET = 8.3;
				MTL_ENABLE_DEBUG_INFO = YES;
				ONLY_ACTIVE_ARCH = YES;
				SDKROOT = iphoneos;
				SWIFT_OPTIMIZATION_LEVEL = "-Onone";
			};
			name = Debug;
		};
		41FB94811AF7DB5600D2C1B5 /* Release */ = {
			isa = XCBuildConfiguration;
			buildSettings = {
				ALWAYS_SEARCH_USER_PATHS = NO;
				CLANG_CXX_LANGUAGE_STANDARD = "gnu++0x";
				CLANG_CXX_LIBRARY = "libc++";
				CLANG_ENABLE_MODULES = YES;
				CLANG_ENABLE_OBJC_ARC = YES;
				CLANG_WARN_BOOL_CONVERSION = YES;
				CLANG_WARN_CONSTANT_CONVERSION = YES;
				CLANG_WARN_DIRECT_OBJC_ISA_USAGE = YES_ERROR;
				CLANG_WARN_EMPTY_BODY = YES;
				CLANG_WARN_ENUM_CONVERSION = YES;
				CLANG_WARN_INT_CONVERSION = YES;
				CLANG_WARN_OBJC_ROOT_CLASS = YES_ERROR;
				CLANG_WARN_UNREACHABLE_CODE = YES;
				CLANG_WARN__DUPLICATE_METHOD_MATCH = YES;
				"CODE_SIGN_IDENTITY[sdk=iphoneos*]" = "iPhone Developer";
				COPY_PHASE_STRIP = NO;
				DEBUG_INFORMATION_FORMAT = "dwarf-with-dsym";
				ENABLE_NS_ASSERTIONS = NO;
				ENABLE_STRICT_OBJC_MSGSEND = YES;
				GCC_C_LANGUAGE_STANDARD = gnu99;
				GCC_NO_COMMON_BLOCKS = YES;
				GCC_WARN_64_TO_32_BIT_CONVERSION = YES;
				GCC_WARN_ABOUT_RETURN_TYPE = YES_ERROR;
				GCC_WARN_UNDECLARED_SELECTOR = YES;
				GCC_WARN_UNINITIALIZED_AUTOS = YES_AGGRESSIVE;
				GCC_WARN_UNUSED_FUNCTION = YES;
				GCC_WARN_UNUSED_VARIABLE = YES;
				IPHONEOS_DEPLOYMENT_TARGET = 8.3;
				MTL_ENABLE_DEBUG_INFO = NO;
				SDKROOT = iphoneos;
				VALIDATE_PRODUCT = YES;
			};
			name = Release;
		};
		41FB94831AF7DB5600D2C1B5 /* Debug */ = {
			isa = XCBuildConfiguration;
			buildSettings = {
				ASSETCATALOG_COMPILER_APPICON_NAME = AppIcon;
				CODE_SIGN_IDENTITY = "iPhone Developer";
				INFOPLIST_FILE = MiltonMobileIOS/Info.plist;
				IPHONEOS_DEPLOYMENT_TARGET = 8.3;
				LD_RUNPATH_SEARCH_PATHS = "$(inherited) @executable_path/Frameworks";
				PRODUCT_NAME = "$(TARGET_NAME)";
				TARGETED_DEVICE_FAMILY = 1;
			};
			name = Debug;
		};
		41FB94841AF7DB5600D2C1B5 /* Release */ = {
			isa = XCBuildConfiguration;
			buildSettings = {
				ASSETCATALOG_COMPILER_APPICON_NAME = AppIcon;
				CODE_SIGN_IDENTITY = "iPhone Developer";
				INFOPLIST_FILE = MiltonMobileIOS/Info.plist;
				IPHONEOS_DEPLOYMENT_TARGET = 8.3;
				LD_RUNPATH_SEARCH_PATHS = "$(inherited) @executable_path/Frameworks";
				PRODUCT_NAME = "$(TARGET_NAME)";
				TARGETED_DEVICE_FAMILY = 1;
			};
			name = Release;
		};
		41FB94861AF7DB5600D2C1B5 /* Debug */ = {
			isa = XCBuildConfiguration;
			buildSettings = {
				BUNDLE_LOADER = "$(TEST_HOST)";
				FRAMEWORK_SEARCH_PATHS = (
					"$(SDKROOT)/Developer/Library/Frameworks",
					"$(inherited)",
				);
				GCC_PREPROCESSOR_DEFINITIONS = (
					"DEBUG=1",
					"$(inherited)",
				);
				INFOPLIST_FILE = MiltonMobileIOSTests/Info.plist;
				LD_RUNPATH_SEARCH_PATHS = "$(inherited) @executable_path/Frameworks @loader_path/Frameworks";
				PRODUCT_NAME = "$(TARGET_NAME)";
				TEST_HOST = "$(BUILT_PRODUCTS_DIR)/MiltonMobileIOS.app/MiltonMobileIOS";
			};
			name = Debug;
		};
		41FB94871AF7DB5600D2C1B5 /* Release */ = {
			isa = XCBuildConfiguration;
			buildSettings = {
				BUNDLE_LOADER = "$(TEST_HOST)";
				FRAMEWORK_SEARCH_PATHS = (
					"$(SDKROOT)/Developer/Library/Frameworks",
					"$(inherited)",
				);
				INFOPLIST_FILE = MiltonMobileIOSTests/Info.plist;
				LD_RUNPATH_SEARCH_PATHS = "$(inherited) @executable_path/Frameworks @loader_path/Frameworks";
				PRODUCT_NAME = "$(TARGET_NAME)";
				TEST_HOST = "$(BUILT_PRODUCTS_DIR)/MiltonMobileIOS.app/MiltonMobileIOS";
			};
			name = Release;
		};
/* End XCBuildConfiguration section */

/* Begin XCConfigurationList section */
		41FB945E1AF7DB5600D2C1B5 /* Build configuration list for PBXProject "MiltonMobileIOS" */ = {
			isa = XCConfigurationList;
			buildConfigurations = (
				41FB94801AF7DB5600D2C1B5 /* Debug */,
				41FB94811AF7DB5600D2C1B5 /* Release */,
			);
			defaultConfigurationIsVisible = 0;
			defaultConfigurationName = Release;
		};
		41FB94821AF7DB5600D2C1B5 /* Build configuration list for PBXNativeTarget "MiltonMobileIOS" */ = {
			isa = XCConfigurationList;
			buildConfigurations = (
				41FB94831AF7DB5600D2C1B5 /* Debug */,
				41FB94841AF7DB5600D2C1B5 /* Release */,
			);
			defaultConfigurationIsVisible = 0;
			defaultConfigurationName = Release;
		};
		41FB94851AF7DB5600D2C1B5 /* Build configuration list for PBXNativeTarget "MiltonMobileIOSTests" */ = {
			isa = XCConfigurationList;
			buildConfigurations = (
				41FB94861AF7DB5600D2C1B5 /* Debug */,
				41FB94871AF7DB5600D2C1B5 /* Release */,
			);
			defaultConfigurationIsVisible = 0;
			defaultConfigurationName = Release;
		};
/* End XCConfigurationList section */
	};
	rootObject = 41FB945B1AF7DB5600D2C1B5 /* Project object */;
}
